
Microsoft Visual Studio Solution File, Format Version 12.00
# Visual Studio Version 17
VisualStudioVersion = 17.5.33530.505
MinimumVisualStudioVersion = 10.0.40219.1
Project("{FAE04EC0-301F-11D3-BF4B-00C04F79EFBC}") = "StrongPassword", "StrongPassword\StrongPassword.csproj", "{492CC8BB-10ED-43BB-B8EB-0574E8B8ACE6}"
EndProject
Global
	GlobalSection(SolutionConfigurationPlatforms) = preSolution
		Debug|Any CPU = Debug|Any CPU
		Release|Any CPU = Release|Any CPU
	EndGlobalSection
	GlobalSection(ProjectConfigurationPlatforms) = postSolution
		{492CC8BB-10ED-43BB-B8EB-0574E8B8ACE6}.Debug|Any CPU.ActiveCfg = Debug|Any CPU
		{492CC8BB-10ED-43BB-B8EB-0574E8B8ACE6}.Debug|Any CPU.Build.0 = Debug|Any CPU
		{492CC8BB-10ED-43BB-B8EB-0574E8B8ACE6}.Release|Any CPU.ActiveCfg = Release|Any CPU
		{492CC8BB-10ED-43BB-B8EB-0574E8B8ACE6}.Release|Any CPU.Build.0 = Release|Any CPU
	EndGlobalSection
	GlobalSection(SolutionProperties) = preSolution
		HideSolutionNode = FALSE
	EndGlobalSection
	GlobalSection(ExtensibilityGlobals) = postSolution
		SolutionGuid = {757CA415-71A2-497A-8F42-D7D35E849B9E}
	EndGlobalSection
EndGlobal
